
Microsoft Visual Studio Solution File, Format Version 12.00
# Visual Studio Version 17
VisualStudioVersion = 17.1.32421.90
MinimumVisualStudioVersion = 10.0.40219.1
Project("{FAE04EC0-301F-11D3-BF4B-00C04F79EFBC}") = "ProjetoCep", "ProjetoCep\ProjetoCep.csproj", "{65F8A194-AD4A-4D74-9214-A0AC1EECA5B3}"
EndProject
Global
	GlobalSection(SolutionConfigurationPlatforms) = preSolution
		Debug|Any CPU = Debug|Any CPU
		Release|Any CPU = Release|Any CPU
	EndGlobalSection
	GlobalSection(ProjectConfigurationPlatforms) = postSolution
		{65F8A194-AD4A-4D74-9214-A0AC1EECA5B3}.Debug|Any CPU.ActiveCfg = Debug|Any CPU
		{65F8A194-AD4A-4D74-9214-A0AC1EECA5B3}.Debug|Any CPU.Build.0 = Debug|Any CPU
		{65F8A194-AD4A-4D74-9214-A0AC1EECA5B3}.Release|Any CPU.ActiveCfg = Release|Any CPU
		{65F8A194-AD4A-4D74-9214-A0AC1EECA5B3}.Release|Any CPU.Build.0 = Release|Any CPU
	EndGlobalSection
	GlobalSection(SolutionProperties) = preSolution
		HideSolutionNode = FALSE
	EndGlobalSection
	GlobalSection(ExtensibilityGlobals) = postSolution
		SolutionGuid = {D0900846-C247-4F5A-B188-4EBFC4513607}
	EndGlobalSection
EndGlobal
